
Microsoft Visual Studio Solution File, Format Version 12.00
# Visual Studio 15
VisualStudioVersion = 15.0.27130.2026
MinimumVisualStudioVersion = 10.0.40219.1
Project("{8BC9CEB8-8B4A-11D0-8D11-00A0C91BC942}") = "LiveWallpaper", "LiveWallpaper\LiveWallpaper.vcxproj", "{618A3D72-7255-4366-A022-61BEB5B29FBF}"
EndProject
Project("{8BC9CEB8-8B4A-11D0-8D11-00A0C91BC942}") = "LiveWallpaperCore", "LiveWallpaperCore\LiveWallpaperCore.vcxproj", "{AA93DCBB-2161-4075-91A8-5BC1A2B2F636}"
EndProject
Project("{8BC9CEB8-8B4A-11D0-8D11-00A0C91BC942}") = "LiveWallpaperReStart", "LiveWallpaperReStart\LiveWallpaperReStart.vcxproj", "{561BA8C6-4C9A-4386-AAB5-65907D7DF308}"
EndProject
Project("{8BC9CEB8-8B4A-11D0-8D11-00A0C91BC942}") = "LiveWallpaperCleanUp", "LiveWallpaperCleanUp\LiveWallpaperCleanUp.vcxproj", "{8B4A9090-C003-4DA5-BD76-A7211D063C78}"
EndProject
Project("{8BC9CEB8-8B4A-11D0-8D11-00A0C91BC942}") = "LiveWallpaperUI", "LiveWallpaperUI\LiveWallpaperUI.vcxproj", "{6F760F08-135B-40C4-B3F5-6BE64C8FD02C}"
EndProject
Global
	GlobalSection(SolutionConfigurationPlatforms) = preSolution
		Debug|Any CPU = Debug|Any CPU
		Debug|x64 = Debug|x64
		Debug|x86 = Debug|x86
		Release|Any CPU = Release|Any CPU
		Release|x64 = Release|x64
		Release|x86 = Release|x86
	EndGlobalSection
	GlobalSection(ProjectConfigurationPlatforms) = postSolution
		{618A3D72-7255-4366-A022-61BEB5B29FBF}.Debug|Any CPU.ActiveCfg = Debug|Win32
		{618A3D72-7255-4366-A022-61BEB5B29FBF}.Debug|x64.ActiveCfg = Debug|x64
		{618A3D72-7255-4366-A022-61BEB5B29FBF}.Debug|x64.Build.0 = Debug|x64
		{618A3D72-7255-4366-A022-61BEB5B29FBF}.Debug|x86.ActiveCfg = Debug|Win32
		{618A3D72-7255-4366-A022-61BEB5B29FBF}.Debug|x86.Build.0 = Debug|Win32
		{618A3D72-7255-4366-A022-61BEB5B29FBF}.Release|Any CPU.ActiveCfg = Release|Win32
		{618A3D72-7255-4366-A022-61BEB5B29FBF}.Release|x64.ActiveCfg = Release|x64
		{618A3D72-7255-4366-A022-61BEB5B29FBF}.Release|x64.Build.0 = Release|x64
		{618A3D72-7255-4366-A022-61BEB5B29FBF}.Release|x86.ActiveCfg = Release|Win32
		{618A3D72-7255-4366-A022-61BEB5B29FBF}.Release|x86.Build.0 = Release|Win32
		{AA93DCBB-2161-4075-91A8-5BC1A2B2F636}.Debug|Any CPU.ActiveCfg = Debug|Win32
		{AA93DCBB-2161-4075-91A8-5BC1A2B2F636}.Debug|x64.ActiveCfg = Debug|x64
		{AA93DCBB-2161-4075-91A8-5BC1A2B2F636}.Debug|x64.Build.0 = Debug|x64
		{AA93DCBB-2161-4075-91A8-5BC1A2B2F636}.Debug|x86.ActiveCfg = Debug|Win32
		{AA93DCBB-2161-4075-91A8-5BC1A2B2F636}.Debug|x86.Build.0 = Debug|Win32
		{AA93DCBB-2161-4075-91A8-5BC1A2B2F636}.Release|Any CPU.ActiveCfg = Release|Win32
		{AA93DCBB-2161-4075-91A8-5BC1A2B2F636}.Release|x64.ActiveCfg = Release|x64
		{AA93DCBB-2161-4075-91A8-5BC1A2B2F636}.Release|x64.Build.0 = Release|x64
		{AA93DCBB-2161-4075-91A8-5BC1A2B2F636}.Release|x86.ActiveCfg = Release|Win32
		{AA93DCBB-2161-4075-91A8-5BC1A2B2F636}.Release|x86.Build.0 = Release|Win32
		{561BA8C6-4C9A-4386-AAB5-65907D7DF308}.Debug|Any CPU.ActiveCfg = Debug|Win32
		{561BA8C6-4C9A-4386-AAB5-65907D7DF308}.Debug|x64.ActiveCfg = Debug|x64
		{561BA8C6-4C9A-4386-AAB5-65907D7DF308}.Debug|x64.Build.0 = Debug|x64
		{561BA8C6-4C9A-4386-AAB5-65907D7DF308}.Debug|x86.ActiveCfg = Debug|Win32
		{561BA8C6-4C9A-4386-AAB5-65907D7DF308}.Debug|x86.Build.0 = Debug|Win32
		{561BA8C6-4C9A-4386-AAB5-65907D7DF308}.Release|Any CPU.ActiveCfg = Release|Win32
		{561BA8C6-4C9A-4386-AAB5-65907D7DF308}.Release|x64.ActiveCfg = Release|x64
		{561BA8C6-4C9A-4386-AAB5-65907D7DF308}.Release|x64.Build.0 = Release|x64
		{561BA8C6-4C9A-4386-AAB5-65907D7DF308}.Release|x86.ActiveCfg = Release|Win32
		{561BA8C6-4C9A-4386-AAB5-65907D7DF308}.Release|x86.Build.0 = Release|Win32
		{8B4A9090-C003-4DA5-BD76-A7211D063C78}.Debug|Any CPU.ActiveCfg = Debug|Win32
		{8B4A9090-C003-4DA5-BD76-A7211D063C78}.Debug|x64.ActiveCfg = Debug|x64
		{8B4A9090-C003-4DA5-BD76-A7211D063C78}.Debug|x64.Build.0 = Debug|x64
		{8B4A9090-C003-4DA5-BD76-A7211D063C78}.Debug|x86.ActiveCfg = Debug|Win32
		{8B4A9090-C003-4DA5-BD76-A7211D063C78}.Debug|x86.Build.0 = Debug|Win32
		{8B4A9090-C003-4DA5-BD76-A7211D063C78}.Release|Any CPU.ActiveCfg = Release|Win32
		{8B4A9090-C003-4DA5-BD76-A7211D063C78}.Release|x64.ActiveCfg = Release|x64
		{8B4A9090-C003-4DA5-BD76-A7211D063C78}.Release|x64.Build.0 = Release|x64
		{8B4A9090-C003-4DA5-BD76-A7211D063C78}.Release|x86.ActiveCfg = Release|Win32
		{8B4A9090-C003-4DA5-BD76-A7211D063C78}.Release|x86.Build.0 = Release|Win32
		{6F760F08-135B-40C4-B3F5-6BE64C8FD02C}.Debug|Any CPU.ActiveCfg = Debug|Win32
		{6F760F08-135B-40C4-B3F5-6BE64C8FD02C}.Debug|x64.ActiveCfg = Debug|x64
		{6F760F08-135B-40C4-B3F5-6BE64C8FD02C}.Debug|x64.Build.0 = Debug|x64
		{6F760F08-135B-40C4-B3F5-6BE64C8FD02C}.Debug|x86.ActiveCfg = Debug|Win32
		{6F760F08-135B-40C4-B3F5-6BE64C8FD02C}.Debug|x86.Build.0 = Debug|Win32
		{6F760F08-135B-40C4-B3F5-6BE64C8FD02C}.Release|Any CPU.ActiveCfg = Release|Win32
		{6F760F08-135B-40C4-B3F5-6BE64C8FD02C}.Release|x64.ActiveCfg = Release|x64
		{6F760F08-135B-40C4-B3F5-6BE64C8FD02C}.Release|x64.Build.0 = Release|x64
		{6F760F08-135B-40C4-B3F5-6BE64C8FD02C}.Release|x86.ActiveCfg = Release|Win32
		{6F760F08-135B-40C4-B3F5-6BE64C8FD02C}.Release|x86.Build.0 = Release|Win32
	EndGlobalSection
	GlobalSection(SolutionProperties) = preSolution
		HideSolutionNode = FALSE
	EndGlobalSection
	GlobalSection(ExtensibilityGlobals) = postSolution
		SolutionGuid = {6DF2F940-90BB-4308-9A12-450869D543C6}
	EndGlobalSection
EndGlobal
