<?xml version="1.0" encoding="utf-8"?>
<Project ToolsVersion="4.0" xmlns="http://schemas.microsoft.com/developer/msbuild/2003">
  <ItemGroup>
    <Filter Include="源文件">
      <UniqueIdentifier>{4FC737F1-C7A5-4376-A066-2A32D752A2FF}</UniqueIdentifier>
      <Extensions>cpp;c;cc;cxx;def;odl;idl;hpj;bat;asm;asmx</Extensions>
    </Filter>
    <Filter Include="头文件">
      <UniqueIdentifier>{93995380-89BD-4b04-88EB-625FBE52EBFB}</UniqueIdentifier>
      <Extensions>h;hh;hpp;hxx;hm;inl;inc;ipp;xsd</Extensions>
    </Filter>
    <Filter Include="资源文件">
      <UniqueIdentifier>{67DA6AB6-F800-4c08-8B7A-83BB121AAD01}</UniqueIdentifier>
      <Extensions>rc;ico;cur;bmp;dlg;rc2;rct;bin;rgs;gif;jpg;jpeg;jpe;resx;tiff;tif;png;wav;mfcribbon-ms</Extensions>
    </Filter>
    <Filter Include="Lua">
      <UniqueIdentifier>{7bf72eca-0af2-40aa-8fdd-a9c347462959}</UniqueIdentifier>
    </Filter>
    <Filter Include="PlumLibrary">
      <UniqueIdentifier>{e2f376d4-e83a-404f-8686-47b2b490f0b4}</UniqueIdentifier>
    </Filter>
  </ItemGroup>
  <ItemGroup>
    <ClInclude Include="WinMain.h">
      <Filter>头文件</Filter>
    </ClInclude>
    <ClInclude Include="resource.h">
      <Filter>头文件</Filter>
    </ClInclude>
    <ClInclude Include="WinProcess.h">
      <Filter>头文件</Filter>
    </ClInclude>
    <ClInclude Include="WinUtilities.h">
      <Filter>头文件</Filter>
    </ClInclude>
    <ClInclude Include="LiveUI.h">
      <Filter>头文件</Filter>
    </ClInclude>
    <ClInclude Include="LiveUIProcess.h">
      <Filter>头文件</Filter>
    </ClInclude>
    <ClInclude Include="Common.h">
      <Filter>头文件</Filter>
    </ClInclude>
    <ClInclude Include="..\Lua\header\lapi.h">
      <Filter>Lua</Filter>
    </ClInclude>
    <ClInclude Include="..\Lua\header\lauxlib.h">
      <Filter>Lua</Filter>
    </ClInclude>
    <ClInclude Include="..\Lua\header\lcode.h">
      <Filter>Lua</Filter>
    </ClInclude>
    <ClInclude Include="..\Lua\header\lctype.h">
      <Filter>Lua</Filter>
    </ClInclude>
    <ClInclude Include="..\Lua\header\ldebug.h">
      <Filter>Lua</Filter>
    </ClInclude>
    <ClInclude Include="..\Lua\header\ldo.h">
      <Filter>Lua</Filter>
    </ClInclude>
    <ClInclude Include="..\Lua\header\lfunc.h">
      <Filter>Lua</Filter>
    </ClInclude>
    <ClInclude Include="..\Lua\header\lgc.h">
      <Filter>Lua</Filter>
    </ClInclude>
    <ClInclude Include="..\Lua\header\llex.h">
      <Filter>Lua</Filter>
    </ClInclude>
    <ClInclude Include="..\Lua\header\llimits.h">
      <Filter>Lua</Filter>
    </ClInclude>
    <ClInclude Include="..\Lua\header\lmem.h">
      <Filter>Lua</Filter>
    </ClInclude>
    <ClInclude Include="..\Lua\header\lobject.h">
      <Filter>Lua</Filter>
    </ClInclude>
    <ClInclude Include="..\Lua\header\lopcodes.h">
      <Filter>Lua</Filter>
    </ClInclude>
    <ClInclude Include="..\Lua\header\lparser.h">
      <Filter>Lua</Filter>
    </ClInclude>
    <ClInclude Include="..\Lua\header\lprefix.h">
      <Filter>Lua</Filter>
    </ClInclude>
    <ClInclude Include="..\Lua\header\lstate.h">
      <Filter>Lua</Filter>
    </ClInclude>
    <ClInclude Include="..\Lua\header\lstring.h">
      <Filter>Lua</Filter>
    </ClInclude>
    <ClInclude Include="..\Lua\header\ltable.h">
      <Filter>Lua</Filter>
    </ClInclude>
    <ClInclude Include="..\Lua\header\ltm.h">
      <Filter>Lua</Filter>
    </ClInclude>
    <ClInclude Include="..\Lua\header\lua.h">
      <Filter>Lua</Filter>
    </ClInclude>
    <ClInclude Include="..\Lua\header\lua.hpp">
      <Filter>Lua</Filter>
    </ClInclude>
    <ClInclude Include="..\Lua\header\luaconf.h">
      <Filter>Lua</Filter>
    </ClInclude>
    <ClInclude Include="..\Lua\header\lualib.h">
      <Filter>Lua</Filter>
    </ClInclude>
    <ClInclude Include="..\Lua\header\lundump.h">
      <Filter>Lua</Filter>
    </ClInclude>
    <ClInclude Include="..\Lua\header\lvm.h">
      <Filter>Lua</Filter>
    </ClInclude>
    <ClInclude Include="..\Lua\header\lzio.h">
      <Filter>Lua</Filter>
    </ClInclude>
    <ClInclude Include="LiveLua.h">
      <Filter>头文件</Filter>
    </ClInclude>
    <ClInclude Include="PlumConsole.h">
      <Filter>PlumLibrary</Filter>
    </ClInclude>
    <ClInclude Include="PlumLog.h">
      <Filter>PlumLibrary</Filter>
    </ClInclude>
    <ClInclude Include="LiveBackGround.h">
      <Filter>头文件</Filter>
    </ClInclude>
  </ItemGroup>
  <ItemGroup>
    <ClCompile Include="WinMain.cpp">
      <Filter>源文件</Filter>
    </ClCompile>
    <ClCompile Include="WinProcess.cpp">
      <Filter>源文件</Filter>
    </ClCompile>
    <ClCompile Include="WinUtilities.cpp">
      <Filter>源文件</Filter>
    </ClCompile>
    <ClCompile Include="LiveUI.cpp">
      <Filter>源文件</Filter>
    </ClCompile>
    <ClCompile Include="LiveUIProcess.cpp">
      <Filter>源文件</Filter>
    </ClCompile>
    <ClCompile Include="LiveLua.cpp">
      <Filter>源文件</Filter>
    </ClCompile>
    <ClCompile Include="PlumConsole.cpp">
      <Filter>PlumLibrary</Filter>
    </ClCompile>
    <ClCompile Include="PlumLog.cpp">
      <Filter>PlumLibrary</Filter>
    </ClCompile>
    <ClCompile Include="LiveBackGround.cpp">
      <Filter>源文件</Filter>
    </ClCompile>
  </ItemGroup>
  <ItemGroup>
    <ResourceCompile Include="LiveWallpaperUI.rc">
      <Filter>资源文件</Filter>
    </ResourceCompile>
  </ItemGroup>
  <ItemGroup>
    <Image Include="Resource\Icon\LiveCore.ico">
      <Filter>资源文件</Filter>
    </Image>
  </ItemGroup>
</Project>